// !$*UTF8*$!
{
	archiveVersion = 1;
	classes = {
	};
	objectVersion = 50;
	objects = {

/* Begin PBXBuildFile section */
		BAC580C12291DF7F00C24D00 /* AppDelegate.swift in Sources */ = {isa = PBXBuildFile; fileRef = BAC580C02291DF7F00C24D00 /* AppDelegate.swift */; };
		BAC580C32291DF7F00C24D00 /* LoginViewController.swift in Sources */ = {isa = PBXBuildFile; fileRef = BAC580C22291DF7F00C24D00 /* LoginViewController.swift */; };
		BAC580C62291DF7F00C24D00 /* Main.storyboard in Resources */ = {isa = PBXBuildFile; fileRef = BAC580C42291DF7F00C24D00 /* Main.storyboard */; };
		BAC580C82291DF8000C24D00 /* Assets.xcassets in Resources */ = {isa = PBXBuildFile; fileRef = BAC580C72291DF8000C24D00 /* Assets.xcassets */; };
		BAC580CB2291DF8000C24D00 /* LaunchScreen.storyboard in Resources */ = {isa = PBXBuildFile; fileRef = BAC580C92291DF8000C24D00 /* LaunchScreen.storyboard */; };
		BAC580D32291EA3500C24D00 /* ChatViewController.swift in Sources */ = {isa = PBXBuildFile; fileRef = BAC580D22291EA3500C24D00 /* ChatViewController.swift */; };
		BAC580D52291F4F000C24D00 /* TableCell.swift in Sources */ = {isa = PBXBuildFile; fileRef = BAC580D42291F4F000C24D00 /* TableCell.swift */; };
		F476A22E9C7A0CBA1911ED47 /* Pods_ChatkitNotifications.framework in Frameworks */ = {isa = PBXBuildFile; fileRef = 2772C7766F62861675BB70C0 /* Pods_ChatkitNotifications.framework */; };
/* End PBXBuildFile section */

/* Begin PBXFileReference section */
		2772C7766F62861675BB70C0 /* Pods_ChatkitNotifications.framework */ = {isa = PBXFileReference; explicitFileType = wrapper.framework; includeInIndex = 0; path = Pods_ChatkitNotifications.framework; sourceTree = BUILT_PRODUCTS_DIR; };
		45A2A316126A9B6B2780D52E /* Pods-ChatkitNotifications.release.xcconfig */ = {isa = PBXFileReference; includeInIndex = 1; lastKnownFileType = text.xcconfig; name = "Pods-ChatkitNotifications.release.xcconfig"; path = "Pods/Target Support Files/Pods-ChatkitNotifications/Pods-ChatkitNotifications.release.xcconfig"; sourceTree = "<group>"; };
		BAC580BD2291DF7F00C24D00 /* ChatkitNotifications.app */ = {isa = PBXFileReference; explicitFileType = wrapper.application; includeInIndex = 0; path = ChatkitNotifications.app; sourceTree = BUILT_PRODUCTS_DIR; };
		BAC580C02291DF7F00C24D00 /* AppDelegate.swift */ = {isa = PBXFileReference; lastKnownFileType = sourcecode.swift; path = AppDelegate.swift; sourceTree = "<group>"; };
		BAC580C22291DF7F00C24D00 /* LoginViewController.swift */ = {isa = PBXFileReference; lastKnownFileType = sourcecode.swift; path = LoginViewController.swift; sourceTree = "<group>"; };
		BAC580C52291DF7F00C24D00 /* Base */ = {isa = PBXFileReference; lastKnownFileType = file.storyboard; name = Base; path = Base.lproj/Main.storyboard; sourceTree = "<group>"; };
		BAC580C72291DF8000C24D00 /* Assets.xcassets */ = {isa = PBXFileReference; lastKnownFileType = folder.assetcatalog; path = Assets.xcassets; sourceTree = "<group>"; };
		BAC580CA2291DF8000C24D00 /* Base */ = {isa = PBXFileReference; lastKnownFileType = file.storyboard; name = Base; path = Base.lproj/LaunchScreen.storyboard; sourceTree = "<group>"; };
		BAC580CC2291DF8000C24D00 /* Info.plist */ = {isa = PBXFileReference; lastKnownFileType = text.plist.xml; path = Info.plist; sourceTree = "<group>"; };
		BAC580D22291EA3500C24D00 /* ChatViewController.swift */ = {isa = PBXFileReference; lastKnownFileType = sourcecode.swift; path = ChatViewController.swift; sourceTree = "<group>"; };
		BAC580D42291F4F000C24D00 /* TableCell.swift */ = {isa = PBXFileReference; lastKnownFileType = sourcecode.swift; path = TableCell.swift; sourceTree = "<group>"; };
		BAC580D62291F6EC00C24D00 /* ChatkitNotifications.entitlements */ = {isa = PBXFileReference; lastKnownFileType = text.plist.entitlements; path = ChatkitNotifications.entitlements; sourceTree = "<group>"; };
		F80791CBC6383FED19B24D15 /* Pods-ChatkitNotifications.debug.xcconfig */ = {isa = PBXFileReference; includeInIndex = 1; lastKnownFileType = text.xcconfig; name = "Pods-ChatkitNotifications.debug.xcconfig"; path = "Pods/Target Support Files/Pods-ChatkitNotifications/Pods-ChatkitNotifications.debug.xcconfig"; sourceTree = "<group>"; };
/* End PBXFileReference section */

/* Begin PBXFrameworksBuildPhase section */
		BAC580BA2291DF7F00C24D00 /* Frameworks */ = {
			isa = PBXFrameworksBuildPhase;
			buildActionMask = 2147483647;
			files = (
				F476A22E9C7A0CBA1911ED47 /* Pods_ChatkitNotifications.framework in Frameworks */,
			);
			runOnlyForDeploymentPostprocessing = 0;
		};
/* End PBXFrameworksBuildPhase section */

/* Begin PBXGroup section */
		53598629BBBB4183FE45A3C1 /* Pods */ = {
			isa = PBXGroup;
			children = (
				F80791CBC6383FED19B24D15 /* Pods-ChatkitNotifications.debug.xcconfig */,
				45A2A316126A9B6B2780D52E /* Pods-ChatkitNotifications.release.xcconfig */,
			);
			name = Pods;
			sourceTree = "<group>";
		};
		78F6928BE97CD5163B08D3E1 /* Frameworks */ = {
			isa = PBXGroup;
			children = (
				2772C7766F62861675BB70C0 /* Pods_ChatkitNotifications.framework */,
			);
			name = Frameworks;
			sourceTree = "<group>";
		};
		BAC580B42291DF7F00C24D00 = {
			isa = PBXGroup;
			children = (
				BAC580BF2291DF7F00C24D00 /* ChatkitNotifications */,
				BAC580BE2291DF7F00C24D00 /* Products */,
				53598629BBBB4183FE45A3C1 /* Pods */,
				78F6928BE97CD5163B08D3E1 /* Frameworks */,
			);
			sourceTree = "<group>";
		};
		BAC580BE2291DF7F00C24D00 /* Products */ = {
			isa = PBXGroup;
			children = (
				BAC580BD2291DF7F00C24D00 /* ChatkitNotifications.app */,
			);
			name = Products;
			sourceTree = "<group>";
		};
		BAC580BF2291DF7F00C24D00 /* ChatkitNotifications */ = {
			isa = PBXGroup;
			children = (
				BAC580D62291F6EC00C24D00 /* ChatkitNotifications.entitlements */,
				BAC580C02291DF7F00C24D00 /* AppDelegate.swift */,
				BAC580C22291DF7F00C24D00 /* LoginViewController.swift */,
				BAC580C42291DF7F00C24D00 /* Main.storyboard */,
				BAC580C72291DF8000C24D00 /* Assets.xcassets */,
				BAC580C92291DF8000C24D00 /* LaunchScreen.storyboard */,
				BAC580CC2291DF8000C24D00 /* Info.plist */,
				BAC580D22291EA3500C24D00 /* ChatViewController.swift */,
				BAC580D42291F4F000C24D00 /* TableCell.swift */,
			);
			path = ChatkitNotifications;
			sourceTree = "<group>";
		};
/* End PBXGroup section */

/* Begin PBXNativeTarget section */
		BAC580BC2291DF7F00C24D00 /* ChatkitNotifications */ = {
			isa = PBXNativeTarget;
			buildConfigurationList = BAC580CF2291DF8000C24D00 /* Build configuration list for PBXNativeTarget "ChatkitNotifications" */;
			buildPhases = (
				3F7B7600E902619E8C9A9C33 /* [CP] Check Pods Manifest.lock */,
				BAC580B92291DF7F00C24D00 /* Sources */,
				BAC580BA2291DF7F00C24D00 /* Frameworks */,
				BAC580BB2291DF7F00C24D00 /* Resources */,
				F91BDC2D6F0A5CAB0ED627F1 /* [CP] Embed Pods Frameworks */,
			);
			buildRules = (
			);
			dependencies = (
			);
			name = ChatkitNotifications;
			productName = ChatkitNotifications;
			productReference = BAC580BD2291DF7F00C24D00 /* ChatkitNotifications.app */;
			productType = "com.apple.product-type.application";
		};
/* End PBXNativeTarget section */

/* Begin PBXProject section */
		BAC580B52291DF7F00C24D00 /* Project object */ = {
			isa = PBXProject;
			attributes = {
				LastSwiftUpdateCheck = 1020;
				LastUpgradeCheck = 1020;
				ORGANIZATIONNAME = neo;
				TargetAttributes = {
					BAC580BC2291DF7F00C24D00 = {
						CreatedOnToolsVersion = 10.2.1;
						SystemCapabilities = {
							com.apple.Push = {
								enabled = 1;
							};
						};
					};
				};
			};
			buildConfigurationList = BAC580B82291DF7F00C24D00 /* Build configuration list for PBXProject "ChatkitNotifications" */;
			compatibilityVersion = "Xcode 9.3";
			developmentRegion = en;
			hasScannedForEncodings = 0;
			knownRegions = (
				en,
				Base,
			);
			mainGroup = BAC580B42291DF7F00C24D00;
			productRefGroup = BAC580BE2291DF7F00C24D00 /* Products */;
			projectDirPath = "";
			projectRoot = "";
			targets = (
				BAC580BC2291DF7F00C24D00 /* ChatkitNotifications */,
			);
		};
/* End PBXProject section */

/* Begin PBXResourcesBuildPhase section */
		BAC580BB2291DF7F00C24D00 /* Resources */ = {
			isa = PBXResourcesBuildPhase;
			buildActionMask = 2147483647;
			files = (
				BAC580CB2291DF8000C24D00 /* LaunchScreen.storyboard in Resources */,
				BAC580C82291DF8000C24D00 /* Assets.xcassets in Resources */,
				BAC580C62291DF7F00C24D00 /* Main.storyboard in Resources */,
			);
			runOnlyForDeploymentPostprocessing = 0;
		};
/* End PBXResourcesBuildPhase section */

/* Begin PBXShellScriptBuildPhase section */
		3F7B7600E902619E8C9A9C33 /* [CP] Check Pods Manifest.lock */ = {
			isa = PBXShellScriptBuildPhase;
			buildActionMask = 2147483647;
			files = (
			);
			inputFileListPaths = (
			);
			inputPaths = (
				"${PODS_PODFILE_DIR_PATH}/Podfile.lock",
				"${PODS_ROOT}/Manifest.lock",
			);
			name = "[CP] Check Pods Manifest.lock";
			outputFileListPaths = (
			);
			outputPaths = (
				"$(DERIVED_FILE_DIR)/Pods-ChatkitNotifications-checkManifestLockResult.txt",
			);
			runOnlyForDeploymentPostprocessing = 0;
			shellPath = /bin/sh;
			shellScript = "diff \"${PODS_PODFILE_DIR_PATH}/Podfile.lock\" \"${PODS_ROOT}/Manifest.lock\" > /dev/null\nif [ $? != 0 ] ; then\n    # print error to STDERR\n    echo \"error: The sandbox is not in sync with the Podfile.lock. Run 'pod install' or update your CocoaPods installation.\" >&2\n    exit 1\nfi\n# This output is used by Xcode 'outputs' to avoid re-running this script phase.\necho \"SUCCESS\" > \"${SCRIPT_OUTPUT_FILE_0}\"\n";
			showEnvVarsInLog = 0;
		};
		F91BDC2D6F0A5CAB0ED627F1 /* [CP] Embed Pods Frameworks */ = {
			isa = PBXShellScriptBuildPhase;
			buildActionMask = 2147483647;
			files = (
			);
			inputFileListPaths = (
			);
			inputPaths = (
				"${SRCROOT}/Pods/Target Support Files/Pods-ChatkitNotifications/Pods-ChatkitNotifications-frameworks.sh",
				"${BUILT_PRODUCTS_DIR}/BeamsChatkit/BeamsChatkit.framework",
				"${BUILT_PRODUCTS_DIR}/PusherChatkit/PusherChatkit.framework",
				"${BUILT_PRODUCTS_DIR}/PusherPlatform/PusherPlatform.framework",
			);
			name = "[CP] Embed Pods Frameworks";
			outputFileListPaths = (
			);
			outputPaths = (
				"${TARGET_BUILD_DIR}/${FRAMEWORKS_FOLDER_PATH}/BeamsChatkit.framework",
				"${TARGET_BUILD_DIR}/${FRAMEWORKS_FOLDER_PATH}/PusherChatkit.framework",
				"${TARGET_BUILD_DIR}/${FRAMEWORKS_FOLDER_PATH}/PusherPlatform.framework",
			);
			runOnlyForDeploymentPostprocessing = 0;
			shellPath = /bin/sh;
			shellScript = "\"${SRCROOT}/Pods/Target Support Files/Pods-ChatkitNotifications/Pods-ChatkitNotifications-frameworks.sh\"\n";
			showEnvVarsInLog = 0;
		};
/* End PBXShellScriptBuildPhase section */

/* Begin PBXSourcesBuildPhase section */
		BAC580B92291DF7F00C24D00 /* Sources */ = {
			isa = PBXSourcesBuildPhase;
			buildActionMask = 2147483647;
			files = (
				BAC580C32291DF7F00C24D00 /* LoginViewController.swift in Sources */,
				BAC580D32291EA3500C24D00 /* ChatViewController.swift in Sources */,
				BAC580D52291F4F000C24D00 /* TableCell.swift in Sources */,
				BAC580C12291DF7F00C24D00 /* AppDelegate.swift in Sources */,
			);
			runOnlyForDeploymentPostprocessing = 0;
		};
/* End PBXSourcesBuildPhase section */

/* Begin PBXVariantGroup section */
		BAC580C42291DF7F00C24D00 /* Main.storyboard */ = {
			isa = PBXVariantGroup;
			children = (
				BAC580C52291DF7F00C24D00 /* Base */,
			);
			name = Main.storyboard;
			sourceTree = "<group>";
		};
		BAC580C92291DF8000C24D00 /* LaunchScreen.storyboard */ = {
			isa = PBXVariantGroup;
			children = (
				BAC580CA2291DF8000C24D00 /* Base */,
			);
			name = LaunchScreen.storyboard;
			sourceTree = "<group>";
		};
/* End PBXVariantGroup section */

/* Begin XCBuildConfiguration section */
		BAC580CD2291DF8000C24D00 /* Debug */ = {
			isa = XCBuildConfiguration;
			buildSettings = {
				ALWAYS_SEARCH_USER_PATHS = NO;
				CLANG_ANALYZER_NONNULL = YES;
				CLANG_ANALYZER_NUMBER_OBJECT_CONVERSION = YES_AGGRESSIVE;
				CLANG_CXX_LANGUAGE_STANDARD = "gnu++14";
				CLANG_CXX_LIBRARY = "libc++";
				CLANG_ENABLE_MODULES = YES;
				CLANG_ENABLE_OBJC_ARC = YES;
				CLANG_ENABLE_OBJC_WEAK = YES;
				CLANG_WARN_BLOCK_CAPTURE_AUTORELEASING = YES;
				CLANG_WARN_BOOL_CONVERSION = YES;
				CLANG_WARN_COMMA = YES;
				CLANG_WARN_CONSTANT_CONVERSION = YES;
				CLANG_WARN_DEPRECATED_OBJC_IMPLEMENTATIONS = YES;
				CLANG_WARN_DIRECT_OBJC_ISA_USAGE = YES_ERROR;
				CLANG_WARN_DOCUMENTATION_COMMENTS = YES;
				CLANG_WARN_EMPTY_BODY = YES;
				CLANG_WARN_ENUM_CONVERSION = YES;
				CLANG_WARN_INFINITE_RECURSION = YES;
				CLANG_WARN_INT_CONVERSION = YES;
				CLANG_WARN_NON_LITERAL_NULL_CONVERSION = YES;
				CLANG_WARN_OBJC_IMPLICIT_RETAIN_SELF = YES;
				CLANG_WARN_OBJC_LITERAL_CONVERSION = YES;
				CLANG_WARN_OBJC_ROOT_CLASS = YES_ERROR;
				CLANG_WARN_RANGE_LOOP_ANALYSIS = YES;
				CLANG_WARN_STRICT_PROTOTYPES = YES;
				CLANG_WARN_SUSPICIOUS_MOVE = YES;
				CLANG_WARN_UNGUARDED_AVAILABILITY = YES_AGGRESSIVE;
				CLANG_WARN_UNREACHABLE_CODE = YES;
				CLANG_WARN__DUPLICATE_METHOD_MATCH = YES;
				CODE_SIGN_IDENTITY = "iPhone Developer";
				COPY_PHASE_STRIP = NO;
				DEBUG_INFORMATION_FORMAT = dwarf;
				ENABLE_STRICT_OBJC_MSGSEND = YES;
				ENABLE_TESTABILITY = YES;
				GCC_C_LANGUAGE_STANDARD = gnu11;
				GCC_DYNAMIC_NO_PIC = NO;
				GCC_NO_COMMON_BLOCKS = YES;
				GCC_OPTIMIZATION_LEVEL = 0;
				GCC_PREPROCESSOR_DEFINITIONS = (
					"DEBUG=1",
					"$(inherited)",
				);
				GCC_WARN_64_TO_32_BIT_CONVERSION = YES;
				GCC_WARN_ABOUT_RETURN_TYPE = YES_ERROR;
				GCC_WARN_UNDECLARED_SELECTOR = YES;
				GCC_WARN_UNINITIALIZED_AUTOS = YES_AGGRESSIVE;
				GCC_WARN_UNUSED_FUNCTION = YES;
				GCC_WARN_UNUSED_VARIABLE = YES;
				IPHONEOS_DEPLOYMENT_TARGET = 12.2;
				MTL_ENABLE_DEBUG_INFO = INCLUDE_SOURCE;
				MTL_FAST_MATH = YES;
				ONLY_ACTIVE_ARCH = YES;
				SDKROOT = iphoneos;
				SWIFT_ACTIVE_COMPILATION_CONDITIONS = DEBUG;
				SWIFT_OPTIMIZATION_LEVEL = "-Onone";
			};
			name = Debug;
		};
		BAC580CE2291DF8000C24D00 /* Release */ = {
			isa = XCBuildConfiguration;
			buildSettings = {
				ALWAYS_SEARCH_USER_PATHS = NO;
				CLANG_ANALYZER_NONNULL = YES;
				CLANG_ANALYZER_NUMBER_OBJECT_CONVERSION = YES_AGGRESSIVE;
				CLANG_CXX_LANGUAGE_STANDARD = "gnu++14";
				CLANG_CXX_LIBRARY = "libc++";
				CLANG_ENABLE_MODULES = YES;
				CLANG_ENABLE_OBJC_ARC = YES;
				CLANG_ENABLE_OBJC_WEAK = YES;
				CLANG_WARN_BLOCK_CAPTURE_AUTORELEASING = YES;
				CLANG_WARN_BOOL_CONVERSION = YES;
				CLANG_WARN_COMMA = YES;
				CLANG_WARN_CONSTANT_CONVERSION = YES;
				CLANG_WARN_DEPRECATED_OBJC_IMPLEMENTATIONS = YES;
				CLANG_WARN_DIRECT_OBJC_ISA_USAGE = YES_ERROR;
				CLANG_WARN_DOCUMENTATION_COMMENTS = YES;
				CLANG_WARN_EMPTY_BODY = YES;
				CLANG_WARN_ENUM_CONVERSION = YES;
				CLANG_WARN_INFINITE_RECURSION = YES;
				CLANG_WARN_INT_CONVERSION = YES;
				CLANG_WARN_NON_LITERAL_NULL_CONVERSION = YES;
				CLANG_WARN_OBJC_IMPLICIT_RETAIN_SELF = YES;
				CLANG_WARN_OBJC_LITERAL_CONVERSION = YES;
				CLANG_WARN_OBJC_ROOT_CLASS = YES_ERROR;
				CLANG_WARN_RANGE_LOOP_ANALYSIS = YES;
				CLANG_WARN_STRICT_PROTOTYPES = YES;
				CLANG_WARN_SUSPICIOUS_MOVE = YES;
				CLANG_WARN_UNGUARDED_AVAILABILITY = YES_AGGRESSIVE;
				CLANG_WARN_UNREACHABLE_CODE = YES;
				CLANG_WARN__DUPLICATE_METHOD_MATCH = YES;
				CODE_SIGN_IDENTITY = "iPhone Developer";
				COPY_PHASE_STRIP = NO;
				DEBUG_INFORMATION_FORMAT = "dwarf-with-dsym";
				ENABLE_NS_ASSERTIONS = NO;
				ENABLE_STRICT_OBJC_MSGSEND = YES;
				GCC_C_LANGUAGE_STANDARD = gnu11;
				GCC_NO_COMMON_BLOCKS = YES;
				GCC_WARN_64_TO_32_BIT_CONVERSION = YES;
				GCC_WARN_ABOUT_RETURN_TYPE = YES_ERROR;
				GCC_WARN_UNDECLARED_SELECTOR = YES;
				GCC_WARN_UNINITIALIZED_AUTOS = YES_AGGRESSIVE;
				GCC_WARN_UNUSED_FUNCTION = YES;
				GCC_WARN_UNUSED_VARIABLE = YES;
				IPHONEOS_DEPLOYMENT_TARGET = 12.2;
				MTL_ENABLE_DEBUG_INFO = NO;
				MTL_FAST_MATH = YES;
				SDKROOT = iphoneos;
				SWIFT_COMPILATION_MODE = wholemodule;
				SWIFT_OPTIMIZATION_LEVEL = "-O";
				VALIDATE_PRODUCT = YES;
			};
			name = Release;
		};
		BAC580D02291DF8000C24D00 /* Debug */ = {
			isa = XCBuildConfiguration;
			baseConfigurationReference = F80791CBC6383FED19B24D15 /* Pods-ChatkitNotifications.debug.xcconfig */;
			buildSettings = {
				ASSETCATALOG_COMPILER_APPICON_NAME = AppIcon;
				CODE_SIGN_ENTITLEMENTS = ChatkitNotifications/ChatkitNotifications.entitlements;
				CODE_SIGN_STYLE = Automatic;
				DEVELOPMENT_TEAM = "";
				INFOPLIST_FILE = ChatkitNotifications/Info.plist;
				LD_RUNPATH_SEARCH_PATHS = (
					"$(inherited)",
					"@executable_path/Frameworks",
				);
				PRODUCT_BUNDLE_IDENTIFIER = neo.ist.ChatkitNotifications;
				PRODUCT_NAME = "$(TARGET_NAME)";
				SWIFT_VERSION = 5.0;
				TARGETED_DEVICE_FAMILY = "1,2";
			};
			name = Debug;
		};
		BAC580D12291DF8000C24D00 /* Release */ = {
			isa = XCBuildConfiguration;
			baseConfigurationReference = 45A2A316126A9B6B2780D52E /* Pods-ChatkitNotifications.release.xcconfig */;
			buildSettings = {
				ASSETCATALOG_COMPILER_APPICON_NAME = AppIcon;
				CODE_SIGN_ENTITLEMENTS = ChatkitNotifications/ChatkitNotifications.entitlements;
				CODE_SIGN_STYLE = Automatic;
				DEVELOPMENT_TEAM = "";
				INFOPLIST_FILE = ChatkitNotifications/Info.plist;
				LD_RUNPATH_SEARCH_PATHS = (
					"$(inherited)",
					"@executable_path/Frameworks",
				);
				PRODUCT_BUNDLE_IDENTIFIER = neo.ist.ChatkitNotifications;
				PRODUCT_NAME = "$(TARGET_NAME)";
				SWIFT_VERSION = 5.0;
				TARGETED_DEVICE_FAMILY = "1,2";
			};
			name = Release;
		};
/* End XCBuildConfiguration section */

/* Begin XCConfigurationList section */
		BAC580B82291DF7F00C24D00 /* Build configuration list for PBXProject "ChatkitNotifications" */ = {
			isa = XCConfigurationList;
			buildConfigurations = (
				BAC580CD2291DF8000C24D00 /* Debug */,
				BAC580CE2291DF8000C24D00 /* Release */,
			);
			defaultConfigurationIsVisible = 0;
			defaultConfigurationName = Release;
		};
		BAC580CF2291DF8000C24D00 /* Build configuration list for PBXNativeTarget "ChatkitNotifications" */ = {
			isa = XCConfigurationList;
			buildConfigurations = (
				BAC580D02291DF8000C24D00 /* Debug */,
				BAC580D12291DF8000C24D00 /* Release */,
			);
			defaultConfigurationIsVisible = 0;
			defaultConfigurationName = Release;
		};
/* End XCConfigurationList section */
	};
	rootObject = BAC580B52291DF7F00C24D00 /* Project object */;
}
